
Microsoft Visual Studio Solution File, Format Version 12.00
# Visual Studio Version 16
VisualStudioVersion = 16.0.30523.141
MinimumVisualStudioVersion = 10.0.40219.1
Project("{FAE04EC0-301F-11D3-BF4B-00C04F79EFBC}") = "Web Crawler", "Web Crawler\Web Crawler.csproj", "{3719D82B-CAD6-4C56-865F-CB76732F9A52}"
EndProject
Global
	GlobalSection(SolutionConfigurationPlatforms) = preSolution
		Debug|Any CPU = Debug|Any CPU
		Release|Any CPU = Release|Any CPU
	EndGlobalSection
	GlobalSection(ProjectConfigurationPlatforms) = postSolution
		{3719D82B-CAD6-4C56-865F-CB76732F9A52}.Debug|Any CPU.ActiveCfg = Debug|Any CPU
		{3719D82B-CAD6-4C56-865F-CB76732F9A52}.Debug|Any CPU.Build.0 = Debug|Any CPU
		{3719D82B-CAD6-4C56-865F-CB76732F9A52}.Release|Any CPU.ActiveCfg = Release|Any CPU
		{3719D82B-CAD6-4C56-865F-CB76732F9A52}.Release|Any CPU.Build.0 = Release|Any CPU
	EndGlobalSection
	GlobalSection(SolutionProperties) = preSolution
		HideSolutionNode = FALSE
	EndGlobalSection
	GlobalSection(ExtensibilityGlobals) = postSolution
		SolutionGuid = {5F8A1A22-717B-4E67-98B9-4F2C1DC7CA08}
	EndGlobalSection
EndGlobal
